<?xml version="1.0" encoding="utf-8"?>
<Project ToolsVersion="4.0" xmlns="http://schemas.microsoft.com/developer/msbuild/2003">
  <ItemGroup>
    <Filter Include="Source Files">
      <UniqueIdentifier>{4FC737F1-C7A5-4376-A066-2A32D752A2FF}</UniqueIdentifier>
      <Extensions>cpp;c;cc;cxx;def;odl;idl;hpj;bat;asm;asmx</Extensions>
    </Filter>
    <Filter Include="Header Files">
      <UniqueIdentifier>{93995380-89BD-4b04-88EB-625FBE52EBFB}</UniqueIdentifier>
      <Extensions>h;hpp;hxx;hm;inl;inc;xsd</Extensions>
    </Filter>
    <Filter Include="Resource Files">
      <UniqueIdentifier>{67DA6AB6-F800-4c08-8B7A-83BB121AAD01}</UniqueIdentifier>
      <Extensions>rc;ico;cur;bmp;dlg;rc2;rct;bin;rgs;gif;jpg;jpeg;jpe;resx;tiff;tif;png;wav;mfcribbon-ms</Extensions>
    </Filter>
  </ItemGroup>
  <ItemGroup>
    <ClCompile Include="Main.cpp">
      <Filter>Source Files</Filter>
    </ClCompile>
    <ClCompile Include="WorldObject.cpp">
      <Filter>Source Files</Filter>
    </ClCompile>
    <ClCompile Include="Unit.cpp">
      <Filter>Source Files</Filter>
    </ClCompile>
    <ClCompile Include="DroneUnit.cpp">
      <Filter>Source Files</Filter>
    </ClCompile>
    <ClCompile Include="AB_Utilities.h">
      <Filter>Header Files</Filter>
    </ClCompile>
    <ClCompile Include="World.cpp">
      <Filter>Source Files</Filter>
    </ClCompile>
    <ClCompile Include="ArmyBattle.cpp">
      <Filter>Source Files</Filter>
    </ClCompile>
    <ClCompile Include="ArmyBattleStateMachine.cpp">
      <Filter>Source Files</Filter>
    </ClCompile>
    <ClCompile Include="HUDElement.cpp">
      <Filter>Source Files</Filter>
    </ClCompile>
    <ClCompile Include="ScoreBoard.cpp">
      <Filter>Source Files</Filter>
    </ClCompile>
    <ClCompile Include="HomebaseUnit.cpp">
      <Filter>Source Files</Filter>
    </ClCompile>
    <ClCompile Include="MouseCursor.cpp">
      <Filter>Source Files</Filter>
    </ClCompile>
    <ClCompile Include="FiringDangerZone.cpp">
      <Filter>Source Files</Filter>
    </ClCompile>
    <ClCompile Include="StatusBar.cpp">
      <Filter>Source Files</Filter>
    </ClCompile>
    <ClCompile Include="Button.cpp">
      <Filter>Source Files</Filter>
    </ClCompile>
    <ClCompile Include="Menu.cpp">
      <Filter>Source Files</Filter>
    </ClCompile>
    <ClCompile Include="Victory.cpp">
      <Filter>Source Files</Filter>
    </ClCompile>
    <ClCompile Include="StatusLog.cpp">
      <Filter>Source Files</Filter>
    </ClCompile>
    <ClCompile Include="HelpScreen.cpp">
      <Filter>Source Files</Filter>
    </ClCompile>
  </ItemGroup>
  <ItemGroup>
    <ClInclude Include="Main.h">
      <Filter>Header Files</Filter>
    </ClInclude>
    <ClInclude Include="World.h">
      <Filter>Header Files</Filter>
    </ClInclude>
    <ClInclude Include="WorldObject.h">
      <Filter>Header Files</Filter>
    </ClInclude>
    <ClInclude Include="Unit.h">
      <Filter>Header Files</Filter>
    </ClInclude>
    <ClInclude Include="DroneUnit.h">
      <Filter>Header Files</Filter>
    </ClInclude>
    <ClInclude Include="ArmyBattle.h">
      <Filter>Header Files</Filter>
    </ClInclude>
    <ClInclude Include="ArmyBattleStateMachine.h">
      <Filter>Header Files</Filter>
    </ClInclude>
    <ClInclude Include="HUDElement.h">
      <Filter>Header Files</Filter>
    </ClInclude>
    <ClInclude Include="ScoreBoard.h">
      <Filter>Header Files</Filter>
    </ClInclude>
    <ClInclude Include="HomeBaseUnit.h">
      <Filter>Header Files</Filter>
    </ClInclude>
    <ClInclude Include="MouseCursor.h">
      <Filter>Header Files</Filter>
    </ClInclude>
    <ClInclude Include="FiringDangerZone.h">
      <Filter>Header Files</Filter>
    </ClInclude>
    <ClInclude Include="StatusBar.h">
      <Filter>Header Files</Filter>
    </ClInclude>
    <ClInclude Include="Button.h">
      <Filter>Header Files</Filter>
    </ClInclude>
    <ClInclude Include="Menu.h">
      <Filter>Header Files</Filter>
    </ClInclude>
    <ClInclude Include="Victory.h">
      <Filter>Header Files</Filter>
    </ClInclude>
    <ClInclude Include="StatusLog.h">
      <Filter>Header Files</Filter>
    </ClInclude>
    <ClInclude Include="AB_Assets.h">
      <Filter>Header Files</Filter>
    </ClInclude>
    <ClInclude Include="HelpScreen.h">
      <Filter>Header Files</Filter>
    </ClInclude>
  </ItemGroup>
  <ItemGroup>
    <Image Include="..\images\drone_blue_finished.png">
      <Filter>Resource Files</Filter>
    </Image>
    <Image Include="..\images\drone_blue_idle.png">
      <Filter>Resource Files</Filter>
    </Image>
    <Image Include="..\images\drone_red_finished.png">
      <Filter>Resource Files</Filter>
    </Image>
    <Image Include="..\images\drone_red_idle.png">
      <Filter>Resource Files</Filter>
    </Image>
    <Image Include="..\images\drone_blue_dead.png">
      <Filter>Resource Files</Filter>
    </Image>
    <Image Include="..\images\drone_red_dead.png">
      <Filter>Resource Files</Filter>
    </Image>
    <Image Include="..\images\background.jpg">
      <Filter>Resource Files</Filter>
    </Image>
  </ItemGroup>
</Project>